// !$*UTF8*$!
{
	archiveVersion = 1;
	classes = {
	};
	objectVersion = 56;
	objects = {

/* Begin PBXBuildFile section */
		3C363A252A83CEEC00400C17 /* ChallengesView.swift in Sources */ = {isa = PBXBuildFile; fileRef = 3C363A242A83CEEC00400C17 /* ChallengesView.swift */; };
		3C363A2B2A83D6A500400C17 /* HomeView.swift in Sources */ = {isa = PBXBuildFile; fileRef = 3C363A2A2A83D6A500400C17 /* HomeView.swift */; };
		3C363A2D2A83D80200400C17 /* CircularProgressView.swift in Sources */ = {isa = PBXBuildFile; fileRef = 3C363A2C2A83D80200400C17 /* CircularProgressView.swift */; };
		3C363A2F2A83DAA300400C17 /* ContentView.swift in Sources */ = {isa = PBXBuildFile; fileRef = 3C363A2E2A83DAA200400C17 /* ContentView.swift */; };
		3C363A4F2A8672B900400C17 /* ActivityLogViewModel.swift in Sources */ = {isa = PBXBuildFile; fileRef = 3C363A4E2A8672B900400C17 /* ActivityLogViewModel.swift */; };
		3C363A552A86BAEB00400C17 /* Activity.swift in Sources */ = {isa = PBXBuildFile; fileRef = 3C363A542A86BAEA00400C17 /* Activity.swift */; };
		3C363A572A86C02D00400C17 /* HealthService.swift in Sources */ = {isa = PBXBuildFile; fileRef = 3C363A562A86C02D00400C17 /* HealthService.swift */; };
		3C363A5F2A8BF4EE00400C17 /* ActivityCellView.swift in Sources */ = {isa = PBXBuildFile; fileRef = 3C363A5E2A8BF4EE00400C17 /* ActivityCellView.swift */; };
		3C363A612A8C305A00400C17 /* Extensions.swift in Sources */ = {isa = PBXBuildFile; fileRef = 3C363A602A8C305A00400C17 /* Extensions.swift */; };
		3CDCF02D2A83B88F006FA771 /* cs_final_projectApp.swift in Sources */ = {isa = PBXBuildFile; fileRef = 3CDCF02C2A83B88F006FA771 /* cs_final_projectApp.swift */; };
		3CDCF02F2A83B88F006FA771 /* ActivityLogView.swift in Sources */ = {isa = PBXBuildFile; fileRef = 3CDCF02E2A83B88F006FA771 /* ActivityLogView.swift */; };
		3CDCF0312A83B891006FA771 /* Assets.xcassets in Resources */ = {isa = PBXBuildFile; fileRef = 3CDCF0302A83B891006FA771 /* Assets.xcassets */; };
		3CDCF0342A83B891006FA771 /* Preview Assets.xcassets in Resources */ = {isa = PBXBuildFile; fileRef = 3CDCF0332A83B891006FA771 /* Preview Assets.xcassets */; };
/* End PBXBuildFile section */

/* Begin PBXFileReference section */
		3C363A242A83CEEC00400C17 /* ChallengesView.swift */ = {isa = PBXFileReference; lastKnownFileType = sourcecode.swift; path = ChallengesView.swift; sourceTree = "<group>"; };
		3C363A2A2A83D6A500400C17 /* HomeView.swift */ = {isa = PBXFileReference; lastKnownFileType = sourcecode.swift; path = HomeView.swift; sourceTree = "<group>"; };
		3C363A2C2A83D80200400C17 /* CircularProgressView.swift */ = {isa = PBXFileReference; lastKnownFileType = sourcecode.swift; path = CircularProgressView.swift; sourceTree = "<group>"; };
		3C363A2E2A83DAA200400C17 /* ContentView.swift */ = {isa = PBXFileReference; lastKnownFileType = sourcecode.swift; path = ContentView.swift; sourceTree = "<group>"; };
		3C363A4E2A8672B900400C17 /* ActivityLogViewModel.swift */ = {isa = PBXFileReference; lastKnownFileType = sourcecode.swift; path = ActivityLogViewModel.swift; sourceTree = "<group>"; };
		3C363A542A86BAEA00400C17 /* Activity.swift */ = {isa = PBXFileReference; lastKnownFileType = sourcecode.swift; path = Activity.swift; sourceTree = "<group>"; };
		3C363A562A86C02D00400C17 /* HealthService.swift */ = {isa = PBXFileReference; lastKnownFileType = sourcecode.swift; path = HealthService.swift; sourceTree = "<group>"; };
		3C363A592A87FB1300400C17 /* cs-final-project.entitlements */ = {isa = PBXFileReference; lastKnownFileType = text.plist.entitlements; path = "cs-final-project.entitlements"; sourceTree = "<group>"; };
		3C363A5E2A8BF4EE00400C17 /* ActivityCellView.swift */ = {isa = PBXFileReference; lastKnownFileType = sourcecode.swift; path = ActivityCellView.swift; sourceTree = "<group>"; };
		3C363A602A8C305A00400C17 /* Extensions.swift */ = {isa = PBXFileReference; lastKnownFileType = sourcecode.swift; path = Extensions.swift; sourceTree = "<group>"; };
		3CDCF0292A83B88F006FA771 /* cs-final-project.app */ = {isa = PBXFileReference; explicitFileType = wrapper.application; includeInIndex = 0; path = "cs-final-project.app"; sourceTree = BUILT_PRODUCTS_DIR; };
		3CDCF02C2A83B88F006FA771 /* cs_final_projectApp.swift */ = {isa = PBXFileReference; lastKnownFileType = sourcecode.swift; path = cs_final_projectApp.swift; sourceTree = "<group>"; };
		3CDCF02E2A83B88F006FA771 /* ActivityLogView.swift */ = {isa = PBXFileReference; lastKnownFileType = sourcecode.swift; path = ActivityLogView.swift; sourceTree = "<group>"; };
		3CDCF0302A83B891006FA771 /* Assets.xcassets */ = {isa = PBXFileReference; lastKnownFileType = folder.assetcatalog; path = Assets.xcassets; sourceTree = "<group>"; };
		3CDCF0332A83B891006FA771 /* Preview Assets.xcassets */ = {isa = PBXFileReference; lastKnownFileType = folder.assetcatalog; path = "Preview Assets.xcassets"; sourceTree = "<group>"; };
/* End PBXFileReference section */

/* Begin PBXFrameworksBuildPhase section */
		3CDCF0262A83B88F006FA771 /* Frameworks */ = {
			isa = PBXFrameworksBuildPhase;
			buildActionMask = 2147483647;
			files = (
			);
			runOnlyForDeploymentPostprocessing = 0;
		};
/* End PBXFrameworksBuildPhase section */

/* Begin PBXGroup section */
		3C363A582A87F7A900400C17 /* Model */ = {
			isa = PBXGroup;
			children = (
				3C363A542A86BAEA00400C17 /* Activity.swift */,
			);
			path = Model;
			sourceTree = "<group>";
		};
		3C363A5C2A8BF09F00400C17 /* Services */ = {
			isa = PBXGroup;
			children = (
				3C363A562A86C02D00400C17 /* HealthService.swift */,
			);
			path = Services;
			sourceTree = "<group>";
		};
		3C363A5D2A8BF0A900400C17 /* ViewModels */ = {
			isa = PBXGroup;
			children = (
				3C363A4E2A8672B900400C17 /* ActivityLogViewModel.swift */,
			);
			path = ViewModels;
			sourceTree = "<group>";
		};
		3CDCF0202A83B88F006FA771 = {
			isa = PBXGroup;
			children = (
				3CDCF02B2A83B88F006FA771 /* cs-final-project */,
				3CDCF02A2A83B88F006FA771 /* Products */,
			);
			sourceTree = "<group>";
		};
		3CDCF02A2A83B88F006FA771 /* Products */ = {
			isa = PBXGroup;
			children = (
				3CDCF0292A83B88F006FA771 /* cs-final-project.app */,
			);
			name = Products;
			sourceTree = "<group>";
		};
		3CDCF02B2A83B88F006FA771 /* cs-final-project */ = {
			isa = PBXGroup;
			children = (
				3C363A592A87FB1300400C17 /* cs-final-project.entitlements */,
				3CDCF02C2A83B88F006FA771 /* cs_final_projectApp.swift */,
				3C363A582A87F7A900400C17 /* Model */,
				3CDCF03A2A83BB30006FA771 /* View */,
				3C363A5D2A8BF0A900400C17 /* ViewModels */,
				3C363A5C2A8BF09F00400C17 /* Services */,
				3CDCF0322A83B891006FA771 /* Preview Content */,
				3CDCF0302A83B891006FA771 /* Assets.xcassets */,
				3C363A602A8C305A00400C17 /* Extensions.swift */,
			);
			path = "cs-final-project";
			sourceTree = "<group>";
		};
		3CDCF0322A83B891006FA771 /* Preview Content */ = {
			isa = PBXGroup;
			children = (
				3CDCF0332A83B891006FA771 /* Preview Assets.xcassets */,
			);
			path = "Preview Content";
			sourceTree = "<group>";
		};
		3CDCF03A2A83BB30006FA771 /* View */ = {
			isa = PBXGroup;
			children = (
				3C363A2E2A83DAA200400C17 /* ContentView.swift */,
				3C363A2A2A83D6A500400C17 /* HomeView.swift */,
				3CDCF02E2A83B88F006FA771 /* ActivityLogView.swift */,
				3C363A242A83CEEC00400C17 /* ChallengesView.swift */,
				3C363A5E2A8BF4EE00400C17 /* ActivityCellView.swift */,
				3C363A2C2A83D80200400C17 /* CircularProgressView.swift */,
			);
			path = View;
			sourceTree = "<group>";
		};
/* End PBXGroup section */

/* Begin PBXNativeTarget section */
		3CDCF0282A83B88F006FA771 /* cs-final-project */ = {
			isa = PBXNativeTarget;
			buildConfigurationList = 3CDCF0372A83B891006FA771 /* Build configuration list for PBXNativeTarget "cs-final-project" */;
			buildPhases = (
				3CDCF0252A83B88F006FA771 /* Sources */,
				3CDCF0262A83B88F006FA771 /* Frameworks */,
				3CDCF0272A83B88F006FA771 /* Resources */,
			);
			buildRules = (
			);
			dependencies = (
			);
			name = "cs-final-project";
			productName = "cs-final-project";
			productReference = 3CDCF0292A83B88F006FA771 /* cs-final-project.app */;
			productType = "com.apple.product-type.application";
		};
/* End PBXNativeTarget section */

/* Begin PBXProject section */
		3CDCF0212A83B88F006FA771 /* Project object */ = {
			isa = PBXProject;
			attributes = {
				BuildIndependentTargetsInParallel = 1;
				LastSwiftUpdateCheck = 1430;
				LastUpgradeCheck = 1430;
				TargetAttributes = {
					3CDCF0282A83B88F006FA771 = {
						CreatedOnToolsVersion = 14.3.1;
					};
				};
			};
			buildConfigurationList = 3CDCF0242A83B88F006FA771 /* Build configuration list for PBXProject "cs-final-project" */;
			compatibilityVersion = "Xcode 14.0";
			developmentRegion = en;
			hasScannedForEncodings = 0;
			knownRegions = (
				en,
				Base,
			);
			mainGroup = 3CDCF0202A83B88F006FA771;
			productRefGroup = 3CDCF02A2A83B88F006FA771 /* Products */;
			projectDirPath = "";
			projectRoot = "";
			targets = (
				3CDCF0282A83B88F006FA771 /* cs-final-project */,
			);
		};
/* End PBXProject section */

/* Begin PBXResourcesBuildPhase section */
		3CDCF0272A83B88F006FA771 /* Resources */ = {
			isa = PBXResourcesBuildPhase;
			buildActionMask = 2147483647;
			files = (
				3CDCF0342A83B891006FA771 /* Preview Assets.xcassets in Resources */,
				3CDCF0312A83B891006FA771 /* Assets.xcassets in Resources */,
			);
			runOnlyForDeploymentPostprocessing = 0;
		};
/* End PBXResourcesBuildPhase section */

/* Begin PBXSourcesBuildPhase section */
		3CDCF0252A83B88F006FA771 /* Sources */ = {
			isa = PBXSourcesBuildPhase;
			buildActionMask = 2147483647;
			files = (
				3C363A252A83CEEC00400C17 /* ChallengesView.swift in Sources */,
				3C363A2B2A83D6A500400C17 /* HomeView.swift in Sources */,
				3C363A5F2A8BF4EE00400C17 /* ActivityCellView.swift in Sources */,
				3C363A2F2A83DAA300400C17 /* ContentView.swift in Sources */,
				3CDCF02F2A83B88F006FA771 /* ActivityLogView.swift in Sources */,
				3C363A2D2A83D80200400C17 /* CircularProgressView.swift in Sources */,
				3C363A612A8C305A00400C17 /* Extensions.swift in Sources */,
				3C363A4F2A8672B900400C17 /* ActivityLogViewModel.swift in Sources */,
				3C363A552A86BAEB00400C17 /* Activity.swift in Sources */,
				3CDCF02D2A83B88F006FA771 /* cs_final_projectApp.swift in Sources */,
				3C363A572A86C02D00400C17 /* HealthService.swift in Sources */,
			);
			runOnlyForDeploymentPostprocessing = 0;
		};
/* End PBXSourcesBuildPhase section */

/* Begin XCBuildConfiguration section */
		3CDCF0352A83B891006FA771 /* Debug */ = {
			isa = XCBuildConfiguration;
			buildSettings = {
				ALWAYS_SEARCH_USER_PATHS = NO;
				CLANG_ANALYZER_NONNULL = YES;
				CLANG_ANALYZER_NUMBER_OBJECT_CONVERSION = YES_AGGRESSIVE;
				CLANG_CXX_LANGUAGE_STANDARD = "gnu++20";
				CLANG_ENABLE_MODULES = YES;
				CLANG_ENABLE_OBJC_ARC = YES;
				CLANG_ENABLE_OBJC_WEAK = YES;
				CLANG_WARN_BLOCK_CAPTURE_AUTORELEASING = YES;
				CLANG_WARN_BOOL_CONVERSION = YES;
				CLANG_WARN_COMMA = YES;
				CLANG_WARN_CONSTANT_CONVERSION = YES;
				CLANG_WARN_DEPRECATED_OBJC_IMPLEMENTATIONS = YES;
				CLANG_WARN_DIRECT_OBJC_ISA_USAGE = YES_ERROR;
				CLANG_WARN_DOCUMENTATION_COMMENTS = YES;
				CLANG_WARN_EMPTY_BODY = YES;
				CLANG_WARN_ENUM_CONVERSION = YES;
				CLANG_WARN_INFINITE_RECURSION = YES;
				CLANG_WARN_INT_CONVERSION = YES;
				CLANG_WARN_NON_LITERAL_NULL_CONVERSION = YES;
				CLANG_WARN_OBJC_IMPLICIT_RETAIN_SELF = YES;
				CLANG_WARN_OBJC_LITERAL_CONVERSION = YES;
				CLANG_WARN_OBJC_ROOT_CLASS = YES_ERROR;
				CLANG_WARN_QUOTED_INCLUDE_IN_FRAMEWORK_HEADER = YES;
				CLANG_WARN_RANGE_LOOP_ANALYSIS = YES;
				CLANG_WARN_STRICT_PROTOTYPES = YES;
				CLANG_WARN_SUSPICIOUS_MOVE = YES;
				CLANG_WARN_UNGUARDED_AVAILABILITY = YES_AGGRESSIVE;
				CLANG_WARN_UNREACHABLE_CODE = YES;
				CLANG_WARN__DUPLICATE_METHOD_MATCH = YES;
				COPY_PHASE_STRIP = NO;
				DEBUG_INFORMATION_FORMAT = dwarf;
				ENABLE_STRICT_OBJC_MSGSEND = YES;
				ENABLE_TESTABILITY = YES;
				GCC_C_LANGUAGE_STANDARD = gnu11;
				GCC_DYNAMIC_NO_PIC = NO;
				GCC_NO_COMMON_BLOCKS = YES;
				GCC_OPTIMIZATION_LEVEL = 0;
				GCC_PREPROCESSOR_DEFINITIONS = (
					"DEBUG=1",
					"$(inherited)",
				);
				GCC_WARN_64_TO_32_BIT_CONVERSION = YES;
				GCC_WARN_ABOUT_RETURN_TYPE = YES_ERROR;
				GCC_WARN_UNDECLARED_SELECTOR = YES;
				GCC_WARN_UNINITIALIZED_AUTOS = YES_AGGRESSIVE;
				GCC_WARN_UNUSED_FUNCTION = YES;
				GCC_WARN_UNUSED_VARIABLE = YES;
				IPHONEOS_DEPLOYMENT_TARGET = 16.4;
				MTL_ENABLE_DEBUG_INFO = INCLUDE_SOURCE;
				MTL_FAST_MATH = YES;
				ONLY_ACTIVE_ARCH = YES;
				SDKROOT = iphoneos;
				SWIFT_ACTIVE_COMPILATION_CONDITIONS = DEBUG;
				SWIFT_OPTIMIZATION_LEVEL = "-Onone";
			};
			name = Debug;
		};
		3CDCF0362A83B891006FA771 /* Release */ = {
			isa = XCBuildConfiguration;
			buildSettings = {
				ALWAYS_SEARCH_USER_PATHS = NO;
				CLANG_ANALYZER_NONNULL = YES;
				CLANG_ANALYZER_NUMBER_OBJECT_CONVERSION = YES_AGGRESSIVE;
				CLANG_CXX_LANGUAGE_STANDARD = "gnu++20";
				CLANG_ENABLE_MODULES = YES;
				CLANG_ENABLE_OBJC_ARC = YES;
				CLANG_ENABLE_OBJC_WEAK = YES;
				CLANG_WARN_BLOCK_CAPTURE_AUTORELEASING = YES;
				CLANG_WARN_BOOL_CONVERSION = YES;
				CLANG_WARN_COMMA = YES;
				CLANG_WARN_CONSTANT_CONVERSION = YES;
				CLANG_WARN_DEPRECATED_OBJC_IMPLEMENTATIONS = YES;
				CLANG_WARN_DIRECT_OBJC_ISA_USAGE = YES_ERROR;
				CLANG_WARN_DOCUMENTATION_COMMENTS = YES;
				CLANG_WARN_EMPTY_BODY = YES;
				CLANG_WARN_ENUM_CONVERSION = YES;
				CLANG_WARN_INFINITE_RECURSION = YES;
				CLANG_WARN_INT_CONVERSION = YES;
				CLANG_WARN_NON_LITERAL_NULL_CONVERSION = YES;
				CLANG_WARN_OBJC_IMPLICIT_RETAIN_SELF = YES;
				CLANG_WARN_OBJC_LITERAL_CONVERSION = YES;
				CLANG_WARN_OBJC_ROOT_CLASS = YES_ERROR;
				CLANG_WARN_QUOTED_INCLUDE_IN_FRAMEWORK_HEADER = YES;
				CLANG_WARN_RANGE_LOOP_ANALYSIS = YES;
				CLANG_WARN_STRICT_PROTOTYPES = YES;
				CLANG_WARN_SUSPICIOUS_MOVE = YES;
				CLANG_WARN_UNGUARDED_AVAILABILITY = YES_AGGRESSIVE;
				CLANG_WARN_UNREACHABLE_CODE = YES;
				CLANG_WARN__DUPLICATE_METHOD_MATCH = YES;
				COPY_PHASE_STRIP = NO;
				DEBUG_INFORMATION_FORMAT = "dwarf-with-dsym";
				ENABLE_NS_ASSERTIONS = NO;
				ENABLE_STRICT_OBJC_MSGSEND = YES;
				GCC_C_LANGUAGE_STANDARD = gnu11;
				GCC_NO_COMMON_BLOCKS = YES;
				GCC_WARN_64_TO_32_BIT_CONVERSION = YES;
				GCC_WARN_ABOUT_RETURN_TYPE = YES_ERROR;
				GCC_WARN_UNDECLARED_SELECTOR = YES;
				GCC_WARN_UNINITIALIZED_AUTOS = YES_AGGRESSIVE;
				GCC_WARN_UNUSED_FUNCTION = YES;
				GCC_WARN_UNUSED_VARIABLE = YES;
				IPHONEOS_DEPLOYMENT_TARGET = 16.4;
				MTL_ENABLE_DEBUG_INFO = NO;
				MTL_FAST_MATH = YES;
				SDKROOT = iphoneos;
				SWIFT_COMPILATION_MODE = wholemodule;
				SWIFT_OPTIMIZATION_LEVEL = "-O";
				VALIDATE_PRODUCT = YES;
			};
			name = Release;
		};
		3CDCF0382A83B891006FA771 /* Debug */ = {
			isa = XCBuildConfiguration;
			buildSettings = {
				ASSETCATALOG_COMPILER_APPICON_NAME = AppIcon;
				ASSETCATALOG_COMPILER_GLOBAL_ACCENT_COLOR_NAME = AccentColor;
				CODE_SIGN_ENTITLEMENTS = "cs-final-project/cs-final-project.entitlements";
				CODE_SIGN_STYLE = Automatic;
				CURRENT_PROJECT_VERSION = 1;
				DEVELOPMENT_ASSET_PATHS = "\"cs-final-project/Preview Content\"";
				DEVELOPMENT_TEAM = 842RED367Z;
				ENABLE_PREVIEWS = YES;
				GENERATE_INFOPLIST_FILE = YES;
				INFOPLIST_KEY_NSHealthShareUsageDescription = "To get running data and use in the app";
				INFOPLIST_KEY_UIApplicationSceneManifest_Generation = YES;
				INFOPLIST_KEY_UIApplicationSupportsIndirectInputEvents = YES;
				INFOPLIST_KEY_UILaunchScreen_Generation = YES;
				INFOPLIST_KEY_UISupportedInterfaceOrientations_iPad = "UIInterfaceOrientationPortrait UIInterfaceOrientationPortraitUpsideDown UIInterfaceOrientationLandscapeLeft UIInterfaceOrientationLandscapeRight";
				INFOPLIST_KEY_UISupportedInterfaceOrientations_iPhone = "UIInterfaceOrientationPortrait UIInterfaceOrientationLandscapeLeft UIInterfaceOrientationLandscapeRight";
				LD_RUNPATH_SEARCH_PATHS = (
					"$(inherited)",
					"@executable_path/Frameworks",
				);
				MARKETING_VERSION = 1.0;
				PRODUCT_BUNDLE_IDENTIFIER = "com.nicolyumang.cs-final-project";
				PRODUCT_NAME = "$(TARGET_NAME)";
				SWIFT_EMIT_LOC_STRINGS = YES;
				SWIFT_VERSION = 5.0;
				TARGETED_DEVICE_FAMILY = "1,2";
			};
			name = Debug;
		};
		3CDCF0392A83B891006FA771 /* Release */ = {
			isa = XCBuildConfiguration;
			buildSettings = {
				ASSETCATALOG_COMPILER_APPICON_NAME = AppIcon;
				ASSETCATALOG_COMPILER_GLOBAL_ACCENT_COLOR_NAME = AccentColor;
				CODE_SIGN_ENTITLEMENTS = "cs-final-project/cs-final-project.entitlements";
				CODE_SIGN_STYLE = Automatic;
				CURRENT_PROJECT_VERSION = 1;
				DEVELOPMENT_ASSET_PATHS = "\"cs-final-project/Preview Content\"";
				DEVELOPMENT_TEAM = 842RED367Z;
				ENABLE_PREVIEWS = YES;
				GENERATE_INFOPLIST_FILE = YES;
				INFOPLIST_KEY_NSHealthShareUsageDescription = "To get running data and use in the app";
				INFOPLIST_KEY_UIApplicationSceneManifest_Generation = YES;
				INFOPLIST_KEY_UIApplicationSupportsIndirectInputEvents = YES;
				INFOPLIST_KEY_UILaunchScreen_Generation = YES;
				INFOPLIST_KEY_UISupportedInterfaceOrientations_iPad = "UIInterfaceOrientationPortrait UIInterfaceOrientationPortraitUpsideDown UIInterfaceOrientationLandscapeLeft UIInterfaceOrientationLandscapeRight";
				INFOPLIST_KEY_UISupportedInterfaceOrientations_iPhone = "UIInterfaceOrientationPortrait UIInterfaceOrientationLandscapeLeft UIInterfaceOrientationLandscapeRight";
				LD_RUNPATH_SEARCH_PATHS = (
					"$(inherited)",
					"@executable_path/Frameworks",
				);
				MARKETING_VERSION = 1.0;
				PRODUCT_BUNDLE_IDENTIFIER = "com.nicolyumang.cs-final-project";
				PRODUCT_NAME = "$(TARGET_NAME)";
				SWIFT_EMIT_LOC_STRINGS = YES;
				SWIFT_VERSION = 5.0;
				TARGETED_DEVICE_FAMILY = "1,2";
			};
			name = Release;
		};
/* End XCBuildConfiguration section */

/* Begin XCConfigurationList section */
		3CDCF0242A83B88F006FA771 /* Build configuration list for PBXProject "cs-final-project" */ = {
			isa = XCConfigurationList;
			buildConfigurations = (
				3CDCF0352A83B891006FA771 /* Debug */,
				3CDCF0362A83B891006FA771 /* Release */,
			);
			defaultConfigurationIsVisible = 0;
			defaultConfigurationName = Release;
		};
		3CDCF0372A83B891006FA771 /* Build configuration list for PBXNativeTarget "cs-final-project" */ = {
			isa = XCConfigurationList;
			buildConfigurations = (
				3CDCF0382A83B891006FA771 /* Debug */,
				3CDCF0392A83B891006FA771 /* Release */,
			);
			defaultConfigurationIsVisible = 0;
			defaultConfigurationName = Release;
		};
/* End XCConfigurationList section */
	};
	rootObject = 3CDCF0212A83B88F006FA771 /* Project object */;
}
