// !$*UTF8*$!
{
	archiveVersion = 1;
	classes = {
	};
	objectVersion = 56;
	objects = {

/* Begin PBXBuildFile section */
		3C09860C2A96557F004E9533 /* RealmService.swift in Sources */ = {isa = PBXBuildFile; fileRef = 3C09860B2A96557F004E9533 /* RealmService.swift */; };
		3C0986182A97BC06004E9533 /* DisplayExtensions.swift in Sources */ = {isa = PBXBuildFile; fileRef = 3C0986172A97BC06004E9533 /* DisplayExtensions.swift */; };
		3C363A252A83CEEC00400C17 /* ChallengesView.swift in Sources */ = {isa = PBXBuildFile; fileRef = 3C363A242A83CEEC00400C17 /* ChallengesView.swift */; };
		3C363A2B2A83D6A500400C17 /* ProgressView.swift in Sources */ = {isa = PBXBuildFile; fileRef = 3C363A2A2A83D6A500400C17 /* ProgressView.swift */; };
		3C363A2D2A83D80200400C17 /* CircularProgressView.swift in Sources */ = {isa = PBXBuildFile; fileRef = 3C363A2C2A83D80200400C17 /* CircularProgressView.swift */; };
		3C363A2F2A83DAA300400C17 /* ContentView.swift in Sources */ = {isa = PBXBuildFile; fileRef = 3C363A2E2A83DAA200400C17 /* ContentView.swift */; };
		3C363A552A86BAEB00400C17 /* Activity.swift in Sources */ = {isa = PBXBuildFile; fileRef = 3C363A542A86BAEA00400C17 /* Activity.swift */; };
		3C363A572A86C02D00400C17 /* HealthService.swift in Sources */ = {isa = PBXBuildFile; fileRef = 3C363A562A86C02D00400C17 /* HealthService.swift */; };
		3C363A5F2A8BF4EE00400C17 /* ActivityLogRowView.swift in Sources */ = {isa = PBXBuildFile; fileRef = 3C363A5E2A8BF4EE00400C17 /* ActivityLogRowView.swift */; };
		3C363A632A8E6C8B00400C17 /* Challenge.swift in Sources */ = {isa = PBXBuildFile; fileRef = 3C363A622A8E6C8B00400C17 /* Challenge.swift */; };
		3C363A672A8E701F00400C17 /* Constants.swift in Sources */ = {isa = PBXBuildFile; fileRef = 3C363A662A8E701F00400C17 /* Constants.swift */; };
		3C363A972A9153B700400C17 /* AppDelegate.swift in Sources */ = {isa = PBXBuildFile; fileRef = 3C363A962A9153B700400C17 /* AppDelegate.swift */; };
		3C363A9A2A92510300400C17 /* Realm in Frameworks */ = {isa = PBXBuildFile; productRef = 3C363A992A92510300400C17 /* Realm */; };
		3C363A9C2A92510300400C17 /* RealmSwift in Frameworks */ = {isa = PBXBuildFile; productRef = 3C363A9B2A92510300400C17 /* RealmSwift */; };
		3C363A9E2A92653B00400C17 /* ChallengeStatus.swift in Sources */ = {isa = PBXBuildFile; fileRef = 3C363A9D2A92653B00400C17 /* ChallengeStatus.swift */; };
		3CCEBECE2A9903D1007BD315 /* ChallengeRowView.swift in Sources */ = {isa = PBXBuildFile; fileRef = 3CCEBECD2A9903D1007BD315 /* ChallengeRowView.swift */; };
		3CCEBED02A991432007BD315 /* ProgressCardView.swift in Sources */ = {isa = PBXBuildFile; fileRef = 3CCEBECF2A991432007BD315 /* ProgressCardView.swift */; };
		3CCEBED42A9A549F007BD315 /* HiddenViewModifier.swift in Sources */ = {isa = PBXBuildFile; fileRef = 3CCEBED32A9A549F007BD315 /* HiddenViewModifier.swift */; };
		3CCEBEF92A9E42EF007BD315 /* ChallengesModelTest.swift in Sources */ = {isa = PBXBuildFile; fileRef = 3CCEBED62A9E21E2007BD315 /* ChallengesModelTest.swift */; };
		3CCEBF0A2A9E4D5B007BD315 /* Realm in Frameworks */ = {isa = PBXBuildFile; productRef = 3CCEBF092A9E4D5B007BD315 /* Realm */; };
		3CDCF02D2A83B88F006FA771 /* cs_final_projectApp.swift in Sources */ = {isa = PBXBuildFile; fileRef = 3CDCF02C2A83B88F006FA771 /* cs_final_projectApp.swift */; };
		3CDCF02F2A83B88F006FA771 /* ActivityLogView.swift in Sources */ = {isa = PBXBuildFile; fileRef = 3CDCF02E2A83B88F006FA771 /* ActivityLogView.swift */; };
		3CDCF0312A83B891006FA771 /* Assets.xcassets in Resources */ = {isa = PBXBuildFile; fileRef = 3CDCF0302A83B891006FA771 /* Assets.xcassets */; };
		3CDCF0342A83B891006FA771 /* Preview Assets.xcassets in Resources */ = {isa = PBXBuildFile; fileRef = 3CDCF0332A83B891006FA771 /* Preview Assets.xcassets */; };
/* End PBXBuildFile section */

/* Begin PBXContainerItemProxy section */
		3CCEBEEB2A9E3CF3007BD315 /* PBXContainerItemProxy */ = {
			isa = PBXContainerItemProxy;
			containerPortal = 3CDCF0212A83B88F006FA771 /* Project object */;
			proxyType = 1;
			remoteGlobalIDString = 3CDCF0282A83B88F006FA771;
			remoteInfo = "cs-final-project";
		};
/* End PBXContainerItemProxy section */

/* Begin PBXFileReference section */
		3C09860B2A96557F004E9533 /* RealmService.swift */ = {isa = PBXFileReference; lastKnownFileType = sourcecode.swift; path = RealmService.swift; sourceTree = "<group>"; };
		3C0986172A97BC06004E9533 /* DisplayExtensions.swift */ = {isa = PBXFileReference; lastKnownFileType = sourcecode.swift; path = DisplayExtensions.swift; sourceTree = "<group>"; };
		3C363A242A83CEEC00400C17 /* ChallengesView.swift */ = {isa = PBXFileReference; lastKnownFileType = sourcecode.swift; path = ChallengesView.swift; sourceTree = "<group>"; };
		3C363A2A2A83D6A500400C17 /* ProgressView.swift */ = {isa = PBXFileReference; lastKnownFileType = sourcecode.swift; path = ProgressView.swift; sourceTree = "<group>"; };
		3C363A2C2A83D80200400C17 /* CircularProgressView.swift */ = {isa = PBXFileReference; lastKnownFileType = sourcecode.swift; path = CircularProgressView.swift; sourceTree = "<group>"; };
		3C363A2E2A83DAA200400C17 /* ContentView.swift */ = {isa = PBXFileReference; lastKnownFileType = sourcecode.swift; path = ContentView.swift; sourceTree = "<group>"; };
		3C363A542A86BAEA00400C17 /* Activity.swift */ = {isa = PBXFileReference; lastKnownFileType = sourcecode.swift; path = Activity.swift; sourceTree = "<group>"; };
		3C363A562A86C02D00400C17 /* HealthService.swift */ = {isa = PBXFileReference; lastKnownFileType = sourcecode.swift; path = HealthService.swift; sourceTree = "<group>"; };
		3C363A592A87FB1300400C17 /* cs-final-project.entitlements */ = {isa = PBXFileReference; lastKnownFileType = text.plist.entitlements; path = "cs-final-project.entitlements"; sourceTree = "<group>"; };
		3C363A5E2A8BF4EE00400C17 /* ActivityLogRowView.swift */ = {isa = PBXFileReference; lastKnownFileType = sourcecode.swift; path = ActivityLogRowView.swift; sourceTree = "<group>"; };
		3C363A622A8E6C8B00400C17 /* Challenge.swift */ = {isa = PBXFileReference; lastKnownFileType = sourcecode.swift; path = Challenge.swift; sourceTree = "<group>"; };
		3C363A662A8E701F00400C17 /* Constants.swift */ = {isa = PBXFileReference; lastKnownFileType = sourcecode.swift; path = Constants.swift; sourceTree = "<group>"; };
		3C363A962A9153B700400C17 /* AppDelegate.swift */ = {isa = PBXFileReference; lastKnownFileType = sourcecode.swift; path = AppDelegate.swift; sourceTree = "<group>"; };
		3C363A9D2A92653B00400C17 /* ChallengeStatus.swift */ = {isa = PBXFileReference; lastKnownFileType = sourcecode.swift; path = ChallengeStatus.swift; sourceTree = "<group>"; };
		3CCEBECD2A9903D1007BD315 /* ChallengeRowView.swift */ = {isa = PBXFileReference; lastKnownFileType = sourcecode.swift; path = ChallengeRowView.swift; sourceTree = "<group>"; };
		3CCEBECF2A991432007BD315 /* ProgressCardView.swift */ = {isa = PBXFileReference; lastKnownFileType = sourcecode.swift; path = ProgressCardView.swift; sourceTree = "<group>"; };
		3CCEBED32A9A549F007BD315 /* HiddenViewModifier.swift */ = {isa = PBXFileReference; lastKnownFileType = sourcecode.swift; path = HiddenViewModifier.swift; sourceTree = "<group>"; };
		3CCEBED62A9E21E2007BD315 /* ChallengesModelTest.swift */ = {isa = PBXFileReference; lastKnownFileType = sourcecode.swift; path = ChallengesModelTest.swift; sourceTree = "<group>"; };
		3CCEBEDC2A9E399F007BD315 /* cs-final-projectTests.xctest */ = {isa = PBXFileReference; explicitFileType = wrapper.cfbundle; includeInIndex = 0; path = "cs-final-projectTests.xctest"; sourceTree = BUILT_PRODUCTS_DIR; };
		3CDCF0292A83B88F006FA771 /* cs-final-project.app */ = {isa = PBXFileReference; explicitFileType = wrapper.application; includeInIndex = 0; path = "cs-final-project.app"; sourceTree = BUILT_PRODUCTS_DIR; };
		3CDCF02C2A83B88F006FA771 /* cs_final_projectApp.swift */ = {isa = PBXFileReference; lastKnownFileType = sourcecode.swift; path = cs_final_projectApp.swift; sourceTree = "<group>"; };
		3CDCF02E2A83B88F006FA771 /* ActivityLogView.swift */ = {isa = PBXFileReference; lastKnownFileType = sourcecode.swift; path = ActivityLogView.swift; sourceTree = "<group>"; };
		3CDCF0302A83B891006FA771 /* Assets.xcassets */ = {isa = PBXFileReference; lastKnownFileType = folder.assetcatalog; path = Assets.xcassets; sourceTree = "<group>"; };
		3CDCF0332A83B891006FA771 /* Preview Assets.xcassets */ = {isa = PBXFileReference; lastKnownFileType = folder.assetcatalog; path = "Preview Assets.xcassets"; sourceTree = "<group>"; };
/* End PBXFileReference section */

/* Begin PBXFrameworksBuildPhase section */
		3CCEBED92A9E399F007BD315 /* Frameworks */ = {
			isa = PBXFrameworksBuildPhase;
			buildActionMask = 2147483647;
			files = (
				3CCEBF0A2A9E4D5B007BD315 /* Realm in Frameworks */,
			);
			runOnlyForDeploymentPostprocessing = 0;
		};
		3CDCF0262A83B88F006FA771 /* Frameworks */ = {
			isa = PBXFrameworksBuildPhase;
			buildActionMask = 2147483647;
			files = (
				3C363A9C2A92510300400C17 /* RealmSwift in Frameworks */,
				3C363A9A2A92510300400C17 /* Realm in Frameworks */,
			);
			runOnlyForDeploymentPostprocessing = 0;
		};
/* End PBXFrameworksBuildPhase section */

/* Begin PBXGroup section */
		3C0986162A97B8A1004E9533 /* Utils */ = {
			isa = PBXGroup;
			children = (
				3C363A662A8E701F00400C17 /* Constants.swift */,
				3C0986172A97BC06004E9533 /* DisplayExtensions.swift */,
				3CCEBED32A9A549F007BD315 /* HiddenViewModifier.swift */,
			);
			path = Utils;
			sourceTree = "<group>";
		};
		3C363A582A87F7A900400C17 /* Models */ = {
			isa = PBXGroup;
			children = (
				3C363A542A86BAEA00400C17 /* Activity.swift */,
				3C363A622A8E6C8B00400C17 /* Challenge.swift */,
				3C363A9D2A92653B00400C17 /* ChallengeStatus.swift */,
			);
			path = Models;
			sourceTree = "<group>";
		};
		3C363A5C2A8BF09F00400C17 /* Services */ = {
			isa = PBXGroup;
			children = (
				3C09860B2A96557F004E9533 /* RealmService.swift */,
				3C363A562A86C02D00400C17 /* HealthService.swift */,
			);
			path = Services;
			sourceTree = "<group>";
		};
		3C363A682A8E7EFA00400C17 /* Navigation */ = {
			isa = PBXGroup;
			children = (
				3C363A2E2A83DAA200400C17 /* ContentView.swift */,
			);
			path = Navigation;
			sourceTree = "<group>";
		};
		3C363A692A8E7F1800400C17 /* ProgressViews */ = {
			isa = PBXGroup;
			children = (
				3C363A2A2A83D6A500400C17 /* ProgressView.swift */,
				3CCEBECF2A991432007BD315 /* ProgressCardView.swift */,
				3C363A2C2A83D80200400C17 /* CircularProgressView.swift */,
			);
			path = ProgressViews;
			sourceTree = "<group>";
		};
		3C363A6A2A8E82AB00400C17 /* ActivityLogViews */ = {
			isa = PBXGroup;
			children = (
				3CDCF02E2A83B88F006FA771 /* ActivityLogView.swift */,
				3C363A5E2A8BF4EE00400C17 /* ActivityLogRowView.swift */,
			);
			path = ActivityLogViews;
			sourceTree = "<group>";
		};
		3C363A6B2A8E82D200400C17 /* ChallengesViews */ = {
			isa = PBXGroup;
			children = (
				3C363A242A83CEEC00400C17 /* ChallengesView.swift */,
				3CCEBECD2A9903D1007BD315 /* ChallengeRowView.swift */,
			);
			path = ChallengesViews;
			sourceTree = "<group>";
		};
		3CCEBEDD2A9E399F007BD315 /* cs-final-projectTests */ = {
			isa = PBXGroup;
			children = (
				3CCEBED62A9E21E2007BD315 /* ChallengesModelTest.swift */,
			);
			path = "cs-final-projectTests";
			sourceTree = "<group>";
		};
		3CCEBEE62A9E3B1A007BD315 /* Frameworks */ = {
			isa = PBXGroup;
			children = (
			);
			name = Frameworks;
			sourceTree = "<group>";
		};
		3CDCF0202A83B88F006FA771 = {
			isa = PBXGroup;
			children = (
				3CDCF02B2A83B88F006FA771 /* cs-final-project */,
				3CCEBEDD2A9E399F007BD315 /* cs-final-projectTests */,
				3CDCF02A2A83B88F006FA771 /* Products */,
				3CCEBEE62A9E3B1A007BD315 /* Frameworks */,
			);
			sourceTree = "<group>";
		};
		3CDCF02A2A83B88F006FA771 /* Products */ = {
			isa = PBXGroup;
			children = (
				3CDCF0292A83B88F006FA771 /* cs-final-project.app */,
				3CCEBEDC2A9E399F007BD315 /* cs-final-projectTests.xctest */,
			);
			name = Products;
			sourceTree = "<group>";
		};
		3CDCF02B2A83B88F006FA771 /* cs-final-project */ = {
			isa = PBXGroup;
			children = (
				3C363A592A87FB1300400C17 /* cs-final-project.entitlements */,
				3C363A962A9153B700400C17 /* AppDelegate.swift */,
				3CDCF02C2A83B88F006FA771 /* cs_final_projectApp.swift */,
				3C0986162A97B8A1004E9533 /* Utils */,
				3C363A582A87F7A900400C17 /* Models */,
				3CDCF03A2A83BB30006FA771 /* Views */,
				3C363A5C2A8BF09F00400C17 /* Services */,
				3CDCF0322A83B891006FA771 /* Preview Content */,
				3CDCF0302A83B891006FA771 /* Assets.xcassets */,
			);
			path = "cs-final-project";
			sourceTree = "<group>";
		};
		3CDCF0322A83B891006FA771 /* Preview Content */ = {
			isa = PBXGroup;
			children = (
				3CDCF0332A83B891006FA771 /* Preview Assets.xcassets */,
			);
			path = "Preview Content";
			sourceTree = "<group>";
		};
		3CDCF03A2A83BB30006FA771 /* Views */ = {
			isa = PBXGroup;
			children = (
				3C363A682A8E7EFA00400C17 /* Navigation */,
				3C363A692A8E7F1800400C17 /* ProgressViews */,
				3C363A6A2A8E82AB00400C17 /* ActivityLogViews */,
				3C363A6B2A8E82D200400C17 /* ChallengesViews */,
			);
			path = Views;
			sourceTree = "<group>";
		};
/* End PBXGroup section */

/* Begin PBXNativeTarget section */
		3CCEBEDB2A9E399F007BD315 /* cs-final-projectTests */ = {
			isa = PBXNativeTarget;
			buildConfigurationList = 3CCEBEE22A9E399F007BD315 /* Build configuration list for PBXNativeTarget "cs-final-projectTests" */;
			buildPhases = (
				3CCEBED82A9E399F007BD315 /* Sources */,
				3CCEBED92A9E399F007BD315 /* Frameworks */,
				3CCEBEDA2A9E399F007BD315 /* Resources */,
			);
			buildRules = (
			);
			dependencies = (
				3CCEBEEC2A9E3CF3007BD315 /* PBXTargetDependency */,
			);
			name = "cs-final-projectTests";
			packageProductDependencies = (
				3CCEBF092A9E4D5B007BD315 /* Realm */,
			);
			productName = "cs-final-projectTests";
			productReference = 3CCEBEDC2A9E399F007BD315 /* cs-final-projectTests.xctest */;
			productType = "com.apple.product-type.bundle.unit-test";
		};
		3CDCF0282A83B88F006FA771 /* cs-final-project */ = {
			isa = PBXNativeTarget;
			buildConfigurationList = 3CDCF0372A83B891006FA771 /* Build configuration list for PBXNativeTarget "cs-final-project" */;
			buildPhases = (
				3CDCF0252A83B88F006FA771 /* Sources */,
				3CDCF0262A83B88F006FA771 /* Frameworks */,
				3CDCF0272A83B88F006FA771 /* Resources */,
			);
			buildRules = (
			);
			dependencies = (
			);
			name = "cs-final-project";
			packageProductDependencies = (
				3C363A992A92510300400C17 /* Realm */,
				3C363A9B2A92510300400C17 /* RealmSwift */,
			);
			productName = "cs-final-project";
			productReference = 3CDCF0292A83B88F006FA771 /* cs-final-project.app */;
			productType = "com.apple.product-type.application";
		};
/* End PBXNativeTarget section */

/* Begin PBXProject section */
		3CDCF0212A83B88F006FA771 /* Project object */ = {
			isa = PBXProject;
			attributes = {
				BuildIndependentTargetsInParallel = 1;
				LastSwiftUpdateCheck = 1430;
				LastUpgradeCheck = 1430;
				TargetAttributes = {
					3CCEBEDB2A9E399F007BD315 = {
						CreatedOnToolsVersion = 14.3.1;
						TestTargetID = 3CDCF0282A83B88F006FA771;
					};
					3CDCF0282A83B88F006FA771 = {
						CreatedOnToolsVersion = 14.3.1;
					};
				};
			};
			buildConfigurationList = 3CDCF0242A83B88F006FA771 /* Build configuration list for PBXProject "cs-final-project" */;
			compatibilityVersion = "Xcode 14.0";
			developmentRegion = en;
			hasScannedForEncodings = 0;
			knownRegions = (
				en,
				Base,
			);
			mainGroup = 3CDCF0202A83B88F006FA771;
			packageReferences = (
				3C363A982A92510300400C17 /* XCRemoteSwiftPackageReference "realm-swift" */,
			);
			productRefGroup = 3CDCF02A2A83B88F006FA771 /* Products */;
			projectDirPath = "";
			projectRoot = "";
			targets = (
				3CDCF0282A83B88F006FA771 /* cs-final-project */,
				3CCEBEDB2A9E399F007BD315 /* cs-final-projectTests */,
			);
		};
/* End PBXProject section */

/* Begin PBXResourcesBuildPhase section */
		3CCEBEDA2A9E399F007BD315 /* Resources */ = {
			isa = PBXResourcesBuildPhase;
			buildActionMask = 2147483647;
			files = (
			);
			runOnlyForDeploymentPostprocessing = 0;
		};
		3CDCF0272A83B88F006FA771 /* Resources */ = {
			isa = PBXResourcesBuildPhase;
			buildActionMask = 2147483647;
			files = (
				3CDCF0342A83B891006FA771 /* Preview Assets.xcassets in Resources */,
				3CDCF0312A83B891006FA771 /* Assets.xcassets in Resources */,
			);
			runOnlyForDeploymentPostprocessing = 0;
		};
/* End PBXResourcesBuildPhase section */

/* Begin PBXSourcesBuildPhase section */
		3CCEBED82A9E399F007BD315 /* Sources */ = {
			isa = PBXSourcesBuildPhase;
			buildActionMask = 2147483647;
			files = (
				3CCEBEF92A9E42EF007BD315 /* ChallengesModelTest.swift in Sources */,
			);
			runOnlyForDeploymentPostprocessing = 0;
		};
		3CDCF0252A83B88F006FA771 /* Sources */ = {
			isa = PBXSourcesBuildPhase;
			buildActionMask = 2147483647;
			files = (
				3C363A252A83CEEC00400C17 /* ChallengesView.swift in Sources */,
				3C363A2B2A83D6A500400C17 /* ProgressView.swift in Sources */,
				3C09860C2A96557F004E9533 /* RealmService.swift in Sources */,
				3C363A5F2A8BF4EE00400C17 /* ActivityLogRowView.swift in Sources */,
				3C363A9E2A92653B00400C17 /* ChallengeStatus.swift in Sources */,
				3CCEBED42A9A549F007BD315 /* HiddenViewModifier.swift in Sources */,
				3C0986182A97BC06004E9533 /* DisplayExtensions.swift in Sources */,
				3CCEBED02A991432007BD315 /* ProgressCardView.swift in Sources */,
				3C363A2F2A83DAA300400C17 /* ContentView.swift in Sources */,
				3C363A632A8E6C8B00400C17 /* Challenge.swift in Sources */,
				3CDCF02F2A83B88F006FA771 /* ActivityLogView.swift in Sources */,
				3CCEBECE2A9903D1007BD315 /* ChallengeRowView.swift in Sources */,
				3C363A2D2A83D80200400C17 /* CircularProgressView.swift in Sources */,
				3C363A972A9153B700400C17 /* AppDelegate.swift in Sources */,
				3C363A552A86BAEB00400C17 /* Activity.swift in Sources */,
				3CDCF02D2A83B88F006FA771 /* cs_final_projectApp.swift in Sources */,
				3C363A572A86C02D00400C17 /* HealthService.swift in Sources */,
				3C363A672A8E701F00400C17 /* Constants.swift in Sources */,
			);
			runOnlyForDeploymentPostprocessing = 0;
		};
/* End PBXSourcesBuildPhase section */

/* Begin PBXTargetDependency section */
		3CCEBEEC2A9E3CF3007BD315 /* PBXTargetDependency */ = {
			isa = PBXTargetDependency;
			target = 3CDCF0282A83B88F006FA771 /* cs-final-project */;
			targetProxy = 3CCEBEEB2A9E3CF3007BD315 /* PBXContainerItemProxy */;
		};
/* End PBXTargetDependency section */

/* Begin XCBuildConfiguration section */
		3CCEBEE32A9E399F007BD315 /* Debug */ = {
			isa = XCBuildConfiguration;
			buildSettings = {
				BUNDLE_LOADER = "$(TEST_HOST)";
				CODE_SIGN_STYLE = Automatic;
				CURRENT_PROJECT_VERSION = 1;
				DEVELOPMENT_TEAM = 842RED367Z;
				GENERATE_INFOPLIST_FILE = YES;
				IPHONEOS_DEPLOYMENT_TARGET = 16.4;
				MACOSX_DEPLOYMENT_TARGET = 13.3;
				MARKETING_VERSION = 1.0;
				PRODUCT_BUNDLE_IDENTIFIER = "com.nicolyumang.cs-final-projectTests";
				PRODUCT_NAME = "$(TARGET_NAME)";
				SDKROOT = auto;
				SUPPORTED_PLATFORMS = "iphoneos iphonesimulator macosx";
				SWIFT_EMIT_LOC_STRINGS = NO;
				SWIFT_VERSION = 5.0;
				TARGETED_DEVICE_FAMILY = "1,2";
				TEST_HOST = "$(BUILT_PRODUCTS_DIR)/cs-final-project.app/$(BUNDLE_EXECUTABLE_FOLDER_PATH)/cs-final-project";
			};
			name = Debug;
		};
		3CCEBEE42A9E399F007BD315 /* Release */ = {
			isa = XCBuildConfiguration;
			buildSettings = {
				BUNDLE_LOADER = "$(TEST_HOST)";
				CODE_SIGN_STYLE = Automatic;
				CURRENT_PROJECT_VERSION = 1;
				DEVELOPMENT_TEAM = 842RED367Z;
				GENERATE_INFOPLIST_FILE = YES;
				IPHONEOS_DEPLOYMENT_TARGET = 16.4;
				MACOSX_DEPLOYMENT_TARGET = 13.3;
				MARKETING_VERSION = 1.0;
				PRODUCT_BUNDLE_IDENTIFIER = "com.nicolyumang.cs-final-projectTests";
				PRODUCT_NAME = "$(TARGET_NAME)";
				SDKROOT = auto;
				SUPPORTED_PLATFORMS = "iphoneos iphonesimulator macosx";
				SWIFT_EMIT_LOC_STRINGS = NO;
				SWIFT_VERSION = 5.0;
				TARGETED_DEVICE_FAMILY = "1,2";
				TEST_HOST = "$(BUILT_PRODUCTS_DIR)/cs-final-project.app/$(BUNDLE_EXECUTABLE_FOLDER_PATH)/cs-final-project";
			};
			name = Release;
		};
		3CDCF0352A83B891006FA771 /* Debug */ = {
			isa = XCBuildConfiguration;
			buildSettings = {
				ALWAYS_SEARCH_USER_PATHS = NO;
				CLANG_ANALYZER_NONNULL = YES;
				CLANG_ANALYZER_NUMBER_OBJECT_CONVERSION = YES_AGGRESSIVE;
				CLANG_CXX_LANGUAGE_STANDARD = "gnu++20";
				CLANG_ENABLE_MODULES = YES;
				CLANG_ENABLE_OBJC_ARC = YES;
				CLANG_ENABLE_OBJC_WEAK = YES;
				CLANG_WARN_BLOCK_CAPTURE_AUTORELEASING = YES;
				CLANG_WARN_BOOL_CONVERSION = YES;
				CLANG_WARN_COMMA = YES;
				CLANG_WARN_CONSTANT_CONVERSION = YES;
				CLANG_WARN_DEPRECATED_OBJC_IMPLEMENTATIONS = YES;
				CLANG_WARN_DIRECT_OBJC_ISA_USAGE = YES_ERROR;
				CLANG_WARN_DOCUMENTATION_COMMENTS = YES;
				CLANG_WARN_EMPTY_BODY = YES;
				CLANG_WARN_ENUM_CONVERSION = YES;
				CLANG_WARN_INFINITE_RECURSION = YES;
				CLANG_WARN_INT_CONVERSION = YES;
				CLANG_WARN_NON_LITERAL_NULL_CONVERSION = YES;
				CLANG_WARN_OBJC_IMPLICIT_RETAIN_SELF = YES;
				CLANG_WARN_OBJC_LITERAL_CONVERSION = YES;
				CLANG_WARN_OBJC_ROOT_CLASS = YES_ERROR;
				CLANG_WARN_QUOTED_INCLUDE_IN_FRAMEWORK_HEADER = YES;
				CLANG_WARN_RANGE_LOOP_ANALYSIS = YES;
				CLANG_WARN_STRICT_PROTOTYPES = YES;
				CLANG_WARN_SUSPICIOUS_MOVE = YES;
				CLANG_WARN_UNGUARDED_AVAILABILITY = YES_AGGRESSIVE;
				CLANG_WARN_UNREACHABLE_CODE = YES;
				CLANG_WARN__DUPLICATE_METHOD_MATCH = YES;
				COPY_PHASE_STRIP = NO;
				DEBUG_INFORMATION_FORMAT = dwarf;
				ENABLE_STRICT_OBJC_MSGSEND = YES;
				ENABLE_TESTABILITY = YES;
				GCC_C_LANGUAGE_STANDARD = gnu11;
				GCC_DYNAMIC_NO_PIC = NO;
				GCC_NO_COMMON_BLOCKS = YES;
				GCC_OPTIMIZATION_LEVEL = 0;
				GCC_PREPROCESSOR_DEFINITIONS = (
					"DEBUG=1",
					"$(inherited)",
				);
				GCC_WARN_64_TO_32_BIT_CONVERSION = YES;
				GCC_WARN_ABOUT_RETURN_TYPE = YES_ERROR;
				GCC_WARN_UNDECLARED_SELECTOR = YES;
				GCC_WARN_UNINITIALIZED_AUTOS = YES_AGGRESSIVE;
				GCC_WARN_UNUSED_FUNCTION = YES;
				GCC_WARN_UNUSED_VARIABLE = YES;
				IPHONEOS_DEPLOYMENT_TARGET = 16.4;
				MTL_ENABLE_DEBUG_INFO = INCLUDE_SOURCE;
				MTL_FAST_MATH = YES;
				ONLY_ACTIVE_ARCH = YES;
				SDKROOT = iphoneos;
				SWIFT_ACTIVE_COMPILATION_CONDITIONS = DEBUG;
				SWIFT_OPTIMIZATION_LEVEL = "-Onone";
			};
			name = Debug;
		};
		3CDCF0362A83B891006FA771 /* Release */ = {
			isa = XCBuildConfiguration;
			buildSettings = {
				ALWAYS_SEARCH_USER_PATHS = NO;
				CLANG_ANALYZER_NONNULL = YES;
				CLANG_ANALYZER_NUMBER_OBJECT_CONVERSION = YES_AGGRESSIVE;
				CLANG_CXX_LANGUAGE_STANDARD = "gnu++20";
				CLANG_ENABLE_MODULES = YES;
				CLANG_ENABLE_OBJC_ARC = YES;
				CLANG_ENABLE_OBJC_WEAK = YES;
				CLANG_WARN_BLOCK_CAPTURE_AUTORELEASING = YES;
				CLANG_WARN_BOOL_CONVERSION = YES;
				CLANG_WARN_COMMA = YES;
				CLANG_WARN_CONSTANT_CONVERSION = YES;
				CLANG_WARN_DEPRECATED_OBJC_IMPLEMENTATIONS = YES;
				CLANG_WARN_DIRECT_OBJC_ISA_USAGE = YES_ERROR;
				CLANG_WARN_DOCUMENTATION_COMMENTS = YES;
				CLANG_WARN_EMPTY_BODY = YES;
				CLANG_WARN_ENUM_CONVERSION = YES;
				CLANG_WARN_INFINITE_RECURSION = YES;
				CLANG_WARN_INT_CONVERSION = YES;
				CLANG_WARN_NON_LITERAL_NULL_CONVERSION = YES;
				CLANG_WARN_OBJC_IMPLICIT_RETAIN_SELF = YES;
				CLANG_WARN_OBJC_LITERAL_CONVERSION = YES;
				CLANG_WARN_OBJC_ROOT_CLASS = YES_ERROR;
				CLANG_WARN_QUOTED_INCLUDE_IN_FRAMEWORK_HEADER = YES;
				CLANG_WARN_RANGE_LOOP_ANALYSIS = YES;
				CLANG_WARN_STRICT_PROTOTYPES = YES;
				CLANG_WARN_SUSPICIOUS_MOVE = YES;
				CLANG_WARN_UNGUARDED_AVAILABILITY = YES_AGGRESSIVE;
				CLANG_WARN_UNREACHABLE_CODE = YES;
				CLANG_WARN__DUPLICATE_METHOD_MATCH = YES;
				COPY_PHASE_STRIP = NO;
				DEBUG_INFORMATION_FORMAT = "dwarf-with-dsym";
				ENABLE_NS_ASSERTIONS = NO;
				ENABLE_STRICT_OBJC_MSGSEND = YES;
				GCC_C_LANGUAGE_STANDARD = gnu11;
				GCC_NO_COMMON_BLOCKS = YES;
				GCC_WARN_64_TO_32_BIT_CONVERSION = YES;
				GCC_WARN_ABOUT_RETURN_TYPE = YES_ERROR;
				GCC_WARN_UNDECLARED_SELECTOR = YES;
				GCC_WARN_UNINITIALIZED_AUTOS = YES_AGGRESSIVE;
				GCC_WARN_UNUSED_FUNCTION = YES;
				GCC_WARN_UNUSED_VARIABLE = YES;
				IPHONEOS_DEPLOYMENT_TARGET = 16.4;
				MTL_ENABLE_DEBUG_INFO = NO;
				MTL_FAST_MATH = YES;
				SDKROOT = iphoneos;
				SWIFT_COMPILATION_MODE = wholemodule;
				SWIFT_OPTIMIZATION_LEVEL = "-O";
				VALIDATE_PRODUCT = YES;
			};
			name = Release;
		};
		3CDCF0382A83B891006FA771 /* Debug */ = {
			isa = XCBuildConfiguration;
			buildSettings = {
				ASSETCATALOG_COMPILER_APPICON_NAME = AppIcon;
				ASSETCATALOG_COMPILER_GLOBAL_ACCENT_COLOR_NAME = AccentColor;
				CODE_SIGN_ENTITLEMENTS = "cs-final-project/cs-final-project.entitlements";
				CODE_SIGN_STYLE = Automatic;
				CURRENT_PROJECT_VERSION = 1;
				DEVELOPMENT_ASSET_PATHS = "\"cs-final-project/Preview Content\"";
				DEVELOPMENT_TEAM = 842RED367Z;
				ENABLE_PREVIEWS = YES;
				GENERATE_INFOPLIST_FILE = YES;
				INFOPLIST_KEY_NSHealthShareUsageDescription = "To get running data and use in the app";
				INFOPLIST_KEY_UIApplicationSceneManifest_Generation = YES;
				INFOPLIST_KEY_UIApplicationSupportsIndirectInputEvents = YES;
				INFOPLIST_KEY_UILaunchScreen_Generation = YES;
				INFOPLIST_KEY_UISupportedInterfaceOrientations_iPad = "UIInterfaceOrientationPortrait UIInterfaceOrientationPortraitUpsideDown UIInterfaceOrientationLandscapeLeft UIInterfaceOrientationLandscapeRight";
				INFOPLIST_KEY_UISupportedInterfaceOrientations_iPhone = "UIInterfaceOrientationPortrait UIInterfaceOrientationLandscapeLeft UIInterfaceOrientationLandscapeRight";
				LD_RUNPATH_SEARCH_PATHS = (
					"$(inherited)",
					"@executable_path/Frameworks",
				);
				MARKETING_VERSION = 1.0;
				PRODUCT_BUNDLE_IDENTIFIER = "com.nicolyumang.cs-final-project";
				PRODUCT_NAME = "$(TARGET_NAME)";
				SWIFT_EMIT_LOC_STRINGS = YES;
				SWIFT_VERSION = 5.0;
				TARGETED_DEVICE_FAMILY = "1,2";
			};
			name = Debug;
		};
		3CDCF0392A83B891006FA771 /* Release */ = {
			isa = XCBuildConfiguration;
			buildSettings = {
				ASSETCATALOG_COMPILER_APPICON_NAME = AppIcon;
				ASSETCATALOG_COMPILER_GLOBAL_ACCENT_COLOR_NAME = AccentColor;
				CODE_SIGN_ENTITLEMENTS = "cs-final-project/cs-final-project.entitlements";
				CODE_SIGN_STYLE = Automatic;
				CURRENT_PROJECT_VERSION = 1;
				DEVELOPMENT_ASSET_PATHS = "\"cs-final-project/Preview Content\"";
				DEVELOPMENT_TEAM = 842RED367Z;
				ENABLE_PREVIEWS = YES;
				GENERATE_INFOPLIST_FILE = YES;
				INFOPLIST_KEY_NSHealthShareUsageDescription = "To get running data and use in the app";
				INFOPLIST_KEY_UIApplicationSceneManifest_Generation = YES;
				INFOPLIST_KEY_UIApplicationSupportsIndirectInputEvents = YES;
				INFOPLIST_KEY_UILaunchScreen_Generation = YES;
				INFOPLIST_KEY_UISupportedInterfaceOrientations_iPad = "UIInterfaceOrientationPortrait UIInterfaceOrientationPortraitUpsideDown UIInterfaceOrientationLandscapeLeft UIInterfaceOrientationLandscapeRight";
				INFOPLIST_KEY_UISupportedInterfaceOrientations_iPhone = "UIInterfaceOrientationPortrait UIInterfaceOrientationLandscapeLeft UIInterfaceOrientationLandscapeRight";
				LD_RUNPATH_SEARCH_PATHS = (
					"$(inherited)",
					"@executable_path/Frameworks",
				);
				MARKETING_VERSION = 1.0;
				PRODUCT_BUNDLE_IDENTIFIER = "com.nicolyumang.cs-final-project";
				PRODUCT_NAME = "$(TARGET_NAME)";
				SWIFT_EMIT_LOC_STRINGS = YES;
				SWIFT_VERSION = 5.0;
				TARGETED_DEVICE_FAMILY = "1,2";
			};
			name = Release;
		};
/* End XCBuildConfiguration section */

/* Begin XCConfigurationList section */
		3CCEBEE22A9E399F007BD315 /* Build configuration list for PBXNativeTarget "cs-final-projectTests" */ = {
			isa = XCConfigurationList;
			buildConfigurations = (
				3CCEBEE32A9E399F007BD315 /* Debug */,
				3CCEBEE42A9E399F007BD315 /* Release */,
			);
			defaultConfigurationIsVisible = 0;
			defaultConfigurationName = Release;
		};
		3CDCF0242A83B88F006FA771 /* Build configuration list for PBXProject "cs-final-project" */ = {
			isa = XCConfigurationList;
			buildConfigurations = (
				3CDCF0352A83B891006FA771 /* Debug */,
				3CDCF0362A83B891006FA771 /* Release */,
			);
			defaultConfigurationIsVisible = 0;
			defaultConfigurationName = Release;
		};
		3CDCF0372A83B891006FA771 /* Build configuration list for PBXNativeTarget "cs-final-project" */ = {
			isa = XCConfigurationList;
			buildConfigurations = (
				3CDCF0382A83B891006FA771 /* Debug */,
				3CDCF0392A83B891006FA771 /* Release */,
			);
			defaultConfigurationIsVisible = 0;
			defaultConfigurationName = Release;
		};
/* End XCConfigurationList section */

/* Begin XCRemoteSwiftPackageReference section */
		3C363A982A92510300400C17 /* XCRemoteSwiftPackageReference "realm-swift" */ = {
			isa = XCRemoteSwiftPackageReference;
			repositoryURL = "https://github.com/realm/realm-swift.git";
			requirement = {
				branch = master;
				kind = branch;
			};
		};
/* End XCRemoteSwiftPackageReference section */

/* Begin XCSwiftPackageProductDependency section */
		3C363A992A92510300400C17 /* Realm */ = {
			isa = XCSwiftPackageProductDependency;
			package = 3C363A982A92510300400C17 /* XCRemoteSwiftPackageReference "realm-swift" */;
			productName = Realm;
		};
		3C363A9B2A92510300400C17 /* RealmSwift */ = {
			isa = XCSwiftPackageProductDependency;
			package = 3C363A982A92510300400C17 /* XCRemoteSwiftPackageReference "realm-swift" */;
			productName = RealmSwift;
		};
		3CCEBF092A9E4D5B007BD315 /* Realm */ = {
			isa = XCSwiftPackageProductDependency;
			package = 3C363A982A92510300400C17 /* XCRemoteSwiftPackageReference "realm-swift" */;
			productName = Realm;
		};
/* End XCSwiftPackageProductDependency section */
	};
	rootObject = 3CDCF0212A83B88F006FA771 /* Project object */;
}
